// !$*UTF8*$!
{
	archiveVersion = 1;
	classes = {
	};
	objectVersion = 46;
	objects = {

/* Begin PBXBuildFile section */
		3F1DB16718884F80005C9C17 /* ModelUtils.m in Sources */ = {isa = PBXBuildFile; fileRef = 3F1DB16618884F80005C9C17 /* ModelUtils.m */; };
		3F1DB170188850F1005C9C17 /* CountryManagedObject.m in Sources */ = {isa = PBXBuildFile; fileRef = 3F1DB16E188850F1005C9C17 /* CountryManagedObject.m */; };
		3F21106218884E1C00CE428E /* Station.m in Sources */ = {isa = PBXBuildFile; fileRef = 3F21106118884E1C00CE428E /* Station.m */; };
		3F294ED8188984910013C51D /* CitiesOperation.m in Sources */ = {isa = PBXBuildFile; fileRef = 3F294ED7188984910013C51D /* CitiesOperation.m */; };
		3FC1CB09188800EE00845D9C /* City.m in Sources */ = {isa = PBXBuildFile; fileRef = 3FC1CB08188800EE00845D9C /* City.m */; };
		3FC6F74318859381009D48CB /* Foundation.framework in Frameworks */ = {isa = PBXBuildFile; fileRef = 3FC6F74218859381009D48CB /* Foundation.framework */; };
		3FC6F74518859381009D48CB /* CoreGraphics.framework in Frameworks */ = {isa = PBXBuildFile; fileRef = 3FC6F74418859381009D48CB /* CoreGraphics.framework */; };
		3FC6F74718859381009D48CB /* UIKit.framework in Frameworks */ = {isa = PBXBuildFile; fileRef = 3FC6F74618859381009D48CB /* UIKit.framework */; };
		3FC6F75C18859382009D48CB /* XCTest.framework in Frameworks */ = {isa = PBXBuildFile; fileRef = 3FC6F75B18859382009D48CB /* XCTest.framework */; };
		3FC6F75D18859382009D48CB /* Foundation.framework in Frameworks */ = {isa = PBXBuildFile; fileRef = 3FC6F74218859381009D48CB /* Foundation.framework */; };
		3FC6F75E18859382009D48CB /* UIKit.framework in Frameworks */ = {isa = PBXBuildFile; fileRef = 3FC6F74618859381009D48CB /* UIKit.framework */; };
		3FC6F77618859441009D48CB /* main.m in Sources */ = {isa = PBXBuildFile; fileRef = 3FC6F77218859441009D48CB /* main.m */; };
		3FC6F7791885945B009D48CB /* Images.xcassets in Resources */ = {isa = PBXBuildFile; fileRef = 3FC6F7781885945B009D48CB /* Images.xcassets */; };
		3FC6F77D18859472009D48CB /* AppDelegate.m in Sources */ = {isa = PBXBuildFile; fileRef = 3FC6F77C18859472009D48CB /* AppDelegate.m */; };
		3FC6F77E18859495009D48CB /* InfoPlist.strings in Resources */ = {isa = PBXBuildFile; fileRef = 3FC6F78018859495009D48CB /* InfoPlist.strings */; };
		3FC6F787188594D1009D48CB /* WeatherAppTests.m in Sources */ = {isa = PBXBuildFile; fileRef = 3FC6F786188594D1009D48CB /* WeatherAppTests.m */; };
		3FC6F788188594D7009D48CB /* InfoPlist.strings in Resources */ = {isa = PBXBuildFile; fileRef = 3FC6F78A188594D7009D48CB /* InfoPlist.strings */; };
		3FDA2BDB1886AC67001790F8 /* TranslatorHelper.m in Sources */ = {isa = PBXBuildFile; fileRef = 3FDA2BDA1886AC67001790F8 /* TranslatorHelper.m */; };
		3FDA2BDE1886B064001790F8 /* RequestOperationConfig.m in Sources */ = {isa = PBXBuildFile; fileRef = 3FDA2BDD1886B064001790F8 /* RequestOperationConfig.m */; };
		3FDA2BE41886C074001790F8 /* CacheHelper.m in Sources */ = {isa = PBXBuildFile; fileRef = 3FDA2BE31886C074001790F8 /* CacheHelper.m */; };
		3FDA2BE71886CFCF001790F8 /* Models.xcdatamodeld in Sources */ = {isa = PBXBuildFile; fileRef = 3FDA2BE51886CFCF001790F8 /* Models.xcdatamodeld */; };
		3FDA2BF11886E301001790F8 /* DatabaseHelper.m in Sources */ = {isa = PBXBuildFile; fileRef = 3FDA2BF01886E301001790F8 /* DatabaseHelper.m */; };
		3FDA2BF81886F1AE001790F8 /* CitiesViewController.m in Sources */ = {isa = PBXBuildFile; fileRef = 3FDA2BF71886F1AE001790F8 /* CitiesViewController.m */; };
		3FE6850618859A3800AEA2CD /* MainStoryboard.storyboard in Resources */ = {isa = PBXBuildFile; fileRef = 3FE6850518859A3800AEA2CD /* MainStoryboard.storyboard */; };
		3FE6850C18859B3800AEA2CD /* CountriesViewController.m in Sources */ = {isa = PBXBuildFile; fileRef = 3FE6850B18859B3800AEA2CD /* CountriesViewController.m */; };
		3FE685171885B6EE00AEA2CD /* WeatherAppManager.m in Sources */ = {isa = PBXBuildFile; fileRef = 3FE685161885B6EE00AEA2CD /* WeatherAppManager.m */; };
		3FE6851B1885B9B600AEA2CD /* NetworkingHelper.m in Sources */ = {isa = PBXBuildFile; fileRef = 3FE6851A1885B9B600AEA2CD /* NetworkingHelper.m */; };
		3FE685241885C64200AEA2CD /* Country.m in Sources */ = {isa = PBXBuildFile; fileRef = 3FE685231885C64200AEA2CD /* Country.m */; };
		3FF5DE90188EACCE004F275D /* CountryManagedObject+Fixes.m in Sources */ = {isa = PBXBuildFile; fileRef = 3FF5DE8F188EACCE004F275D /* CountryManagedObject+Fixes.m */; };
		3FF5DE93188EB074004F275D /* NSManagedObjectContext+BackgroundFetch.m in Sources */ = {isa = PBXBuildFile; fileRef = 3FF5DE92188EB074004F275D /* NSManagedObjectContext+BackgroundFetch.m */; };
		3FF5DE96188EDA57004F275D /* StationManagedObject.m in Sources */ = {isa = PBXBuildFile; fileRef = 3FF5DE95188EDA57004F275D /* StationManagedObject.m */; };
		3FF5DE99188EDB25004F275D /* CityManagedObject.m in Sources */ = {isa = PBXBuildFile; fileRef = 3FF5DE98188EDB25004F275D /* CityManagedObject.m */; };
		3FF5DE9E188EDD05004F275D /* CityManagedObject+Fixes.m in Sources */ = {isa = PBXBuildFile; fileRef = 3FF5DE9D188EDD05004F275D /* CityManagedObject+Fixes.m */; };
		3FF5DEA1188EF119004F275D /* StationsViewController.m in Sources */ = {isa = PBXBuildFile; fileRef = 3FF5DEA0188EF119004F275D /* StationsViewController.m */; };
		3FF5DEA4188EF917004F275D /* StationOperation.m in Sources */ = {isa = PBXBuildFile; fileRef = 3FF5DEA3188EF917004F275D /* StationOperation.m */; };
		E56CA4BD26154E279309C175 /* libPods.a in Frameworks */ = {isa = PBXBuildFile; fileRef = 4CE92C69A36A446797C4099F /* libPods.a */; };
/* End PBXBuildFile section */

/* Begin PBXContainerItemProxy section */
		3FC6F75F18859382009D48CB /* PBXContainerItemProxy */ = {
			isa = PBXContainerItemProxy;
			containerPortal = 3FC6F73718859381009D48CB /* Project object */;
			proxyType = 1;
			remoteGlobalIDString = 3FC6F73E18859381009D48CB;
			remoteInfo = WeatherApp;
		};
/* End PBXContainerItemProxy section */

/* Begin PBXFileReference section */
		3F1DB16518884F80005C9C17 /* ModelUtils.h */ = {isa = PBXFileReference; fileEncoding = 4; lastKnownFileType = sourcecode.c.h; name = ModelUtils.h; path = Helpers/ModelUtils.h; sourceTree = "<group>"; };
		3F1DB16618884F80005C9C17 /* ModelUtils.m */ = {isa = PBXFileReference; fileEncoding = 4; lastKnownFileType = sourcecode.c.objc; name = ModelUtils.m; path = Helpers/ModelUtils.m; sourceTree = "<group>"; };
		3F1DB16D188850F1005C9C17 /* CountryManagedObject.h */ = {isa = PBXFileReference; fileEncoding = 4; lastKnownFileType = sourcecode.c.h; name = CountryManagedObject.h; path = Models/CountryManagedObject.h; sourceTree = "<group>"; };
		3F1DB16E188850F1005C9C17 /* CountryManagedObject.m */ = {isa = PBXFileReference; fileEncoding = 4; lastKnownFileType = sourcecode.c.objc; name = CountryManagedObject.m; path = Models/CountryManagedObject.m; sourceTree = "<group>"; };
		3F21106018884E1C00CE428E /* Station.h */ = {isa = PBXFileReference; fileEncoding = 4; lastKnownFileType = sourcecode.c.h; name = Station.h; path = Models/Station.h; sourceTree = "<group>"; };
		3F21106118884E1C00CE428E /* Station.m */ = {isa = PBXFileReference; fileEncoding = 4; lastKnownFileType = sourcecode.c.objc; name = Station.m; path = Models/Station.m; sourceTree = "<group>"; };
		3F294ED6188984910013C51D /* CitiesOperation.h */ = {isa = PBXFileReference; fileEncoding = 4; lastKnownFileType = sourcecode.c.h; name = CitiesOperation.h; path = Operations/CitiesOperation.h; sourceTree = "<group>"; };
		3F294ED7188984910013C51D /* CitiesOperation.m */ = {isa = PBXFileReference; fileEncoding = 4; lastKnownFileType = sourcecode.c.objc; name = CitiesOperation.m; path = Operations/CitiesOperation.m; sourceTree = "<group>"; };
		3F380DF718871C3D00BAEC2F /* CitiesStorage.h */ = {isa = PBXFileReference; lastKnownFileType = sourcecode.c.h; name = CitiesStorage.h; path = Definitions/CitiesStorage.h; sourceTree = "<group>"; };
		3FC1CB07188800EE00845D9C /* City.h */ = {isa = PBXFileReference; fileEncoding = 4; lastKnownFileType = sourcecode.c.h; name = City.h; path = Models/City.h; sourceTree = "<group>"; };
		3FC1CB08188800EE00845D9C /* City.m */ = {isa = PBXFileReference; fileEncoding = 4; lastKnownFileType = sourcecode.c.objc; name = City.m; path = Models/City.m; sourceTree = "<group>"; };
		3FC6F73F18859381009D48CB /* WeatherApp.app */ = {isa = PBXFileReference; explicitFileType = wrapper.application; includeInIndex = 0; path = WeatherApp.app; sourceTree = BUILT_PRODUCTS_DIR; };
		3FC6F74218859381009D48CB /* Foundation.framework */ = {isa = PBXFileReference; lastKnownFileType = wrapper.framework; name = Foundation.framework; path = System/Library/Frameworks/Foundation.framework; sourceTree = SDKROOT; };
		3FC6F74418859381009D48CB /* CoreGraphics.framework */ = {isa = PBXFileReference; lastKnownFileType = wrapper.framework; name = CoreGraphics.framework; path = System/Library/Frameworks/CoreGraphics.framework; sourceTree = SDKROOT; };
		3FC6F74618859381009D48CB /* UIKit.framework */ = {isa = PBXFileReference; lastKnownFileType = wrapper.framework; name = UIKit.framework; path = System/Library/Frameworks/UIKit.framework; sourceTree = SDKROOT; };
		3FC6F75A18859382009D48CB /* WeatherAppTests.xctest */ = {isa = PBXFileReference; explicitFileType = wrapper.cfbundle; includeInIndex = 0; path = WeatherAppTests.xctest; sourceTree = BUILT_PRODUCTS_DIR; };
		3FC6F75B18859382009D48CB /* XCTest.framework */ = {isa = PBXFileReference; lastKnownFileType = wrapper.framework; name = XCTest.framework; path = Library/Frameworks/XCTest.framework; sourceTree = DEVELOPER_DIR; };
		3FC6F77218859441009D48CB /* main.m */ = {isa = PBXFileReference; fileEncoding = 4; lastKnownFileType = sourcecode.c.objc; name = main.m; path = Supporting/main.m; sourceTree = "<group>"; };
		3FC6F77318859441009D48CB /* WeatherApp-Info.plist */ = {isa = PBXFileReference; fileEncoding = 4; lastKnownFileType = text.plist.xml; name = "WeatherApp-Info.plist"; path = "Supporting/WeatherApp-Info.plist"; sourceTree = "<group>"; };
		3FC6F77418859441009D48CB /* WeatherApp-Prefix.pch */ = {isa = PBXFileReference; fileEncoding = 4; lastKnownFileType = sourcecode.c.h; name = "WeatherApp-Prefix.pch"; path = "Supporting/WeatherApp-Prefix.pch"; sourceTree = "<group>"; };
		3FC6F7781885945B009D48CB /* Images.xcassets */ = {isa = PBXFileReference; lastKnownFileType = folder.assetcatalog; path = Images.xcassets; sourceTree = "<group>"; };
		3FC6F77B18859472009D48CB /* AppDelegate.h */ = {isa = PBXFileReference; fileEncoding = 4; lastKnownFileType = sourcecode.c.h; name = AppDelegate.h; path = Application/AppDelegate.h; sourceTree = "<group>"; };
		3FC6F77C18859472009D48CB /* AppDelegate.m */ = {isa = PBXFileReference; fileEncoding = 4; lastKnownFileType = sourcecode.c.objc; name = AppDelegate.m; path = Application/AppDelegate.m; sourceTree = "<group>"; };
		3FC6F77F18859495009D48CB /* en */ = {isa = PBXFileReference; lastKnownFileType = text.plist.strings; name = en; path = en.lproj/InfoPlist.strings; sourceTree = "<group>"; };
		3FC6F782188594B1009D48CB /* WeatherAppTests-Info.plist */ = {isa = PBXFileReference; fileEncoding = 4; lastKnownFileType = text.plist.xml; name = "WeatherAppTests-Info.plist"; path = "Supporting/WeatherAppTests-Info.plist"; sourceTree = "<group>"; };
		3FC6F786188594D1009D48CB /* WeatherAppTests.m */ = {isa = PBXFileReference; fileEncoding = 4; lastKnownFileType = sourcecode.c.objc; name = WeatherAppTests.m; path = Tests/WeatherAppTests.m; sourceTree = "<group>"; };
		3FC6F789188594D7009D48CB /* en */ = {isa = PBXFileReference; lastKnownFileType = text.plist.strings; name = en; path = en.lproj/InfoPlist.strings; sourceTree = "<group>"; };
		3FDA2BD91886AC67001790F8 /* TranslatorHelper.h */ = {isa = PBXFileReference; fileEncoding = 4; lastKnownFileType = sourcecode.c.h; name = TranslatorHelper.h; path = Helpers/TranslatorHelper.h; sourceTree = "<group>"; };
		3FDA2BDA1886AC67001790F8 /* TranslatorHelper.m */ = {isa = PBXFileReference; fileEncoding = 4; lastKnownFileType = sourcecode.c.objc; name = TranslatorHelper.m; path = Helpers/TranslatorHelper.m; sourceTree = "<group>"; };
		3FDA2BDC1886B064001790F8 /* RequestOperationConfig.h */ = {isa = PBXFileReference; fileEncoding = 4; lastKnownFileType = sourcecode.c.h; name = RequestOperationConfig.h; path = Models/RequestOperationConfig.h; sourceTree = "<group>"; };
		3FDA2BDD1886B064001790F8 /* RequestOperationConfig.m */ = {isa = PBXFileReference; fileEncoding = 4; lastKnownFileType = sourcecode.c.objc; name = RequestOperationConfig.m; path = Models/RequestOperationConfig.m; sourceTree = "<group>"; };
		3FDA2BDF1886B272001790F8 /* CitiesFetcher.h */ = {isa = PBXFileReference; lastKnownFileType = sourcecode.c.h; name = CitiesFetcher.h; path = Definitions/CitiesFetcher.h; sourceTree = "<group>"; };
		3FDA2BE01886B272001790F8 /* CountriesFetcher.h */ = {isa = PBXFileReference; lastKnownFileType = sourcecode.c.h; name = CountriesFetcher.h; path = Definitions/CountriesFetcher.h; sourceTree = "<group>"; };
		3FDA2BE11886B290001790F8 /* Blocks.h */ = {isa = PBXFileReference; fileEncoding = 4; lastKnownFileType = sourcecode.c.h; name = Blocks.h; path = Definitions/Blocks.h; sourceTree = "<group>"; };
		3FDA2BE21886C074001790F8 /* CacheHelper.h */ = {isa = PBXFileReference; fileEncoding = 4; lastKnownFileType = sourcecode.c.h; name = CacheHelper.h; path = Helpers/CacheHelper.h; sourceTree = "<group>"; };
		3FDA2BE31886C074001790F8 /* CacheHelper.m */ = {isa = PBXFileReference; fileEncoding = 4; lastKnownFileType = sourcecode.c.objc; name = CacheHelper.m; path = Helpers/CacheHelper.m; sourceTree = "<group>"; };
		3FDA2BE61886CFCF001790F8 /* Models.xcdatamodel */ = {isa = PBXFileReference; lastKnownFileType = wrapper.xcdatamodel; path = Models.xcdatamodel; sourceTree = "<group>"; };
		3FDA2BEF1886E301001790F8 /* DatabaseHelper.h */ = {isa = PBXFileReference; fileEncoding = 4; lastKnownFileType = sourcecode.c.h; name = DatabaseHelper.h; path = Helpers/DatabaseHelper.h; sourceTree = "<group>"; };
		3FDA2BF01886E301001790F8 /* DatabaseHelper.m */ = {isa = PBXFileReference; fileEncoding = 4; lastKnownFileType = sourcecode.c.objc; name = DatabaseHelper.m; path = Helpers/DatabaseHelper.m; sourceTree = "<group>"; };
		3FDA2BF21886E891001790F8 /* CountriesStorage.h */ = {isa = PBXFileReference; lastKnownFileType = sourcecode.c.h; name = CountriesStorage.h; path = Definitions/CountriesStorage.h; sourceTree = "<group>"; };
		3FDA2BF61886F1AE001790F8 /* CitiesViewController.h */ = {isa = PBXFileReference; fileEncoding = 4; lastKnownFileType = sourcecode.c.h; name = CitiesViewController.h; path = Controllers/CitiesViewController.h; sourceTree = "<group>"; };
		3FDA2BF71886F1AE001790F8 /* CitiesViewController.m */ = {isa = PBXFileReference; fileEncoding = 4; lastKnownFileType = sourcecode.c.objc; name = CitiesViewController.m; path = Controllers/CitiesViewController.m; sourceTree = "<group>"; };
		3FE6850518859A3800AEA2CD /* MainStoryboard.storyboard */ = {isa = PBXFileReference; fileEncoding = 4; lastKnownFileType = file.storyboard; name = MainStoryboard.storyboard; path = Views/MainStoryboard.storyboard; sourceTree = "<group>"; };
		3FE6850A18859B3800AEA2CD /* CountriesViewController.h */ = {isa = PBXFileReference; fileEncoding = 4; lastKnownFileType = sourcecode.c.h; name = CountriesViewController.h; path = Controllers/CountriesViewController.h; sourceTree = "<group>"; };
		3FE6850B18859B3800AEA2CD /* CountriesViewController.m */ = {isa = PBXFileReference; fileEncoding = 4; lastKnownFileType = sourcecode.c.objc; name = CountriesViewController.m; path = Controllers/CountriesViewController.m; sourceTree = "<group>"; };
		3FE685151885B6EE00AEA2CD /* WeatherAppManager.h */ = {isa = PBXFileReference; fileEncoding = 4; lastKnownFileType = sourcecode.c.h; name = WeatherAppManager.h; path = Managers/WeatherAppManager.h; sourceTree = "<group>"; };
		3FE685161885B6EE00AEA2CD /* WeatherAppManager.m */ = {isa = PBXFileReference; fileEncoding = 4; lastKnownFileType = sourcecode.c.objc; name = WeatherAppManager.m; path = Managers/WeatherAppManager.m; sourceTree = "<group>"; };
		3FE685191885B9B600AEA2CD /* NetworkingHelper.h */ = {isa = PBXFileReference; fileEncoding = 4; lastKnownFileType = sourcecode.c.h; name = NetworkingHelper.h; path = Helpers/NetworkingHelper.h; sourceTree = "<group>"; };
		3FE6851A1885B9B600AEA2CD /* NetworkingHelper.m */ = {isa = PBXFileReference; fileEncoding = 4; lastKnownFileType = sourcecode.c.objc; name = NetworkingHelper.m; path = Helpers/NetworkingHelper.m; sourceTree = "<group>"; };
		3FE685221885C64200AEA2CD /* Country.h */ = {isa = PBXFileReference; fileEncoding = 4; lastKnownFileType = sourcecode.c.h; name = Country.h; path = Models/Country.h; sourceTree = "<group>"; };
		3FE685231885C64200AEA2CD /* Country.m */ = {isa = PBXFileReference; fileEncoding = 4; lastKnownFileType = sourcecode.c.objc; name = Country.m; path = Models/Country.m; sourceTree = "<group>"; };
		3FF5DE8E188EACCE004F275D /* CountryManagedObject+Fixes.h */ = {isa = PBXFileReference; fileEncoding = 4; lastKnownFileType = sourcecode.c.h; name = "CountryManagedObject+Fixes.h"; path = "Extensions/CountryManagedObject+Fixes.h"; sourceTree = "<group>"; };
		3FF5DE8F188EACCE004F275D /* CountryManagedObject+Fixes.m */ = {isa = PBXFileReference; fileEncoding = 4; lastKnownFileType = sourcecode.c.objc; name = "CountryManagedObject+Fixes.m"; path = "Extensions/CountryManagedObject+Fixes.m"; sourceTree = "<group>"; };
		3FF5DE91188EB074004F275D /* NSManagedObjectContext+BackgroundFetch.h */ = {isa = PBXFileReference; fileEncoding = 4; lastKnownFileType = sourcecode.c.h; name = "NSManagedObjectContext+BackgroundFetch.h"; path = "Extensions/NSManagedObjectContext+BackgroundFetch.h"; sourceTree = "<group>"; };
		3FF5DE92188EB074004F275D /* NSManagedObjectContext+BackgroundFetch.m */ = {isa = PBXFileReference; fileEncoding = 4; lastKnownFileType = sourcecode.c.objc; name = "NSManagedObjectContext+BackgroundFetch.m"; path = "Extensions/NSManagedObjectContext+BackgroundFetch.m"; sourceTree = "<group>"; };
		3FF5DE94188EDA57004F275D /* StationManagedObject.h */ = {isa = PBXFileReference; fileEncoding = 4; lastKnownFileType = sourcecode.c.h; name = StationManagedObject.h; path = Models/StationManagedObject.h; sourceTree = "<group>"; };
		3FF5DE95188EDA57004F275D /* StationManagedObject.m */ = {isa = PBXFileReference; fileEncoding = 4; lastKnownFileType = sourcecode.c.objc; name = StationManagedObject.m; path = Models/StationManagedObject.m; sourceTree = "<group>"; };
		3FF5DE97188EDB25004F275D /* CityManagedObject.h */ = {isa = PBXFileReference; fileEncoding = 4; lastKnownFileType = sourcecode.c.h; name = CityManagedObject.h; path = Models/CityManagedObject.h; sourceTree = "<group>"; };
		3FF5DE98188EDB25004F275D /* CityManagedObject.m */ = {isa = PBXFileReference; fileEncoding = 4; lastKnownFileType = sourcecode.c.objc; name = CityManagedObject.m; path = Models/CityManagedObject.m; sourceTree = "<group>"; };
		3FF5DE9A188EDB71004F275D /* StationsFetcher.h */ = {isa = PBXFileReference; lastKnownFileType = sourcecode.c.h; name = StationsFetcher.h; path = Definitions/StationsFetcher.h; sourceTree = "<group>"; };
		3FF5DE9B188EDB80004F275D /* StationsStorage.h */ = {isa = PBXFileReference; lastKnownFileType = sourcecode.c.h; name = StationsStorage.h; path = Definitions/StationsStorage.h; sourceTree = "<group>"; };
		3FF5DE9C188EDD05004F275D /* CityManagedObject+Fixes.h */ = {isa = PBXFileReference; fileEncoding = 4; lastKnownFileType = sourcecode.c.h; name = "CityManagedObject+Fixes.h"; path = "Extensions/CityManagedObject+Fixes.h"; sourceTree = "<group>"; };
		3FF5DE9D188EDD05004F275D /* CityManagedObject+Fixes.m */ = {isa = PBXFileReference; fileEncoding = 4; lastKnownFileType = sourcecode.c.objc; name = "CityManagedObject+Fixes.m"; path = "Extensions/CityManagedObject+Fixes.m"; sourceTree = "<group>"; };
		3FF5DE9F188EF119004F275D /* StationsViewController.h */ = {isa = PBXFileReference; fileEncoding = 4; lastKnownFileType = sourcecode.c.h; name = StationsViewController.h; path = Controllers/StationsViewController.h; sourceTree = "<group>"; };
		3FF5DEA0188EF119004F275D /* StationsViewController.m */ = {isa = PBXFileReference; fileEncoding = 4; lastKnownFileType = sourcecode.c.objc; name = StationsViewController.m; path = Controllers/StationsViewController.m; sourceTree = "<group>"; };
		3FF5DEA2188EF917004F275D /* StationOperation.h */ = {isa = PBXFileReference; fileEncoding = 4; lastKnownFileType = sourcecode.c.h; name = StationOperation.h; path = Operations/StationOperation.h; sourceTree = "<group>"; };
		3FF5DEA3188EF917004F275D /* StationOperation.m */ = {isa = PBXFileReference; fileEncoding = 4; lastKnownFileType = sourcecode.c.objc; name = StationOperation.m; path = Operations/StationOperation.m; sourceTree = "<group>"; };
		4CE92C69A36A446797C4099F /* libPods.a */ = {isa = PBXFileReference; explicitFileType = archive.ar; includeInIndex = 0; path = libPods.a; sourceTree = BUILT_PRODUCTS_DIR; };
		9024A222918D441B929F651E /* Pods.xcconfig */ = {isa = PBXFileReference; includeInIndex = 1; lastKnownFileType = text.xcconfig; name = Pods.xcconfig; path = Pods/Pods.xcconfig; sourceTree = "<group>"; };
/* End PBXFileReference section */

/* Begin PBXFrameworksBuildPhase section */
		3FC6F73C18859381009D48CB /* Frameworks */ = {
			isa = PBXFrameworksBuildPhase;
			buildActionMask = 2147483647;
			files = (
				3FC6F74518859381009D48CB /* CoreGraphics.framework in Frameworks */,
				3FC6F74718859381009D48CB /* UIKit.framework in Frameworks */,
				3FC6F74318859381009D48CB /* Foundation.framework in Frameworks */,
				E56CA4BD26154E279309C175 /* libPods.a in Frameworks */,
			);
			runOnlyForDeploymentPostprocessing = 0;
		};
		3FC6F75718859382009D48CB /* Frameworks */ = {
			isa = PBXFrameworksBuildPhase;
			buildActionMask = 2147483647;
			files = (
				3FC6F75C18859382009D48CB /* XCTest.framework in Frameworks */,
				3FC6F75E18859382009D48CB /* UIKit.framework in Frameworks */,
				3FC6F75D18859382009D48CB /* Foundation.framework in Frameworks */,
			);
			runOnlyForDeploymentPostprocessing = 0;
		};
/* End PBXFrameworksBuildPhase section */

/* Begin PBXGroup section */
		3F1DB171188852ED005C9C17 /* Utils */ = {
			isa = PBXGroup;
			children = (
				3F1DB16518884F80005C9C17 /* ModelUtils.h */,
				3F1DB16618884F80005C9C17 /* ModelUtils.m */,
			);
			name = Utils;
			sourceTree = "<group>";
		};
		3F294ED5188983F50013C51D /* Operations */ = {
			isa = PBXGroup;
			children = (
				3F294ED6188984910013C51D /* CitiesOperation.h */,
				3F294ED7188984910013C51D /* CitiesOperation.m */,
				3FF5DEA2188EF917004F275D /* StationOperation.h */,
				3FF5DEA3188EF917004F275D /* StationOperation.m */,
			);
			name = Operations;
			sourceTree = "<group>";
		};
		3FC6F73618859381009D48CB = {
			isa = PBXGroup;
			children = (
				3FC6F74818859382009D48CB /* WeatherApp */,
				3FC6F76118859382009D48CB /* WeatherAppTests */,
				3FC6F74118859381009D48CB /* Frameworks */,
				3FC6F74018859381009D48CB /* Products */,
				9024A222918D441B929F651E /* Pods.xcconfig */,
			);
			sourceTree = "<group>";
		};
		3FC6F74018859381009D48CB /* Products */ = {
			isa = PBXGroup;
			children = (
				3FC6F73F18859381009D48CB /* WeatherApp.app */,
				3FC6F75A18859382009D48CB /* WeatherAppTests.xctest */,
			);
			name = Products;
			sourceTree = "<group>";
		};
		3FC6F74118859381009D48CB /* Frameworks */ = {
			isa = PBXGroup;
			children = (
				3FC6F74218859381009D48CB /* Foundation.framework */,
				3FC6F74418859381009D48CB /* CoreGraphics.framework */,
				3FC6F74618859381009D48CB /* UIKit.framework */,
				3FC6F75B18859382009D48CB /* XCTest.framework */,
				4CE92C69A36A446797C4099F /* libPods.a */,
			);
			name = Frameworks;
			sourceTree = "<group>";
		};
		3FC6F74818859382009D48CB /* WeatherApp */ = {
			isa = PBXGroup;
			children = (
				3FC6F77A18859468009D48CB /* Application */,
				3FE6850418859A0000AEA2CD /* Controllers */,
				3FE6851C1885BAF800AEA2CD /* Definitions */,
				3FF5DE8D188EACA0004F275D /* Extensions */,
				3FE685181885B71E00AEA2CD /* Helpers */,
				3FE685111885B6A500AEA2CD /* Managers */,
				3FE685021885996C00AEA2CD /* Models */,
				3F294ED5188983F50013C51D /* Operations */,
				3F1DB171188852ED005C9C17 /* Utils */,
				3FE68503188599FB00AEA2CD /* Views */,
				3FC6F7781885945B009D48CB /* Images.xcassets */,
				3FC6F74918859382009D48CB /* Supporting */,
			);
			path = WeatherApp;
			sourceTree = "<group>";
		};
		3FC6F74918859382009D48CB /* Supporting */ = {
			isa = PBXGroup;
			children = (
				3FC6F78018859495009D48CB /* InfoPlist.strings */,
				3FC6F77218859441009D48CB /* main.m */,
				3FC6F77318859441009D48CB /* WeatherApp-Info.plist */,
				3FC6F77418859441009D48CB /* WeatherApp-Prefix.pch */,
			);
			name = Supporting;
			sourceTree = "<group>";
		};
		3FC6F76118859382009D48CB /* WeatherAppTests */ = {
			isa = PBXGroup;
			children = (
				3FC6F785188594C9009D48CB /* Tests */,
				3FC6F76218859382009D48CB /* Supporting */,
			);
			path = WeatherAppTests;
			sourceTree = "<group>";
		};
		3FC6F76218859382009D48CB /* Supporting */ = {
			isa = PBXGroup;
			children = (
				3FC6F78A188594D7009D48CB /* InfoPlist.strings */,
				3FC6F782188594B1009D48CB /* WeatherAppTests-Info.plist */,
			);
			name = Supporting;
			sourceTree = "<group>";
		};
		3FC6F77A18859468009D48CB /* Application */ = {
			isa = PBXGroup;
			children = (
				3FC6F77B18859472009D48CB /* AppDelegate.h */,
				3FC6F77C18859472009D48CB /* AppDelegate.m */,
			);
			name = Application;
			sourceTree = "<group>";
		};
		3FC6F785188594C9009D48CB /* Tests */ = {
			isa = PBXGroup;
			children = (
				3FC6F786188594D1009D48CB /* WeatherAppTests.m */,
			);
			name = Tests;
			sourceTree = "<group>";
		};
		3FE685021885996C00AEA2CD /* Models */ = {
			isa = PBXGroup;
			children = (
				3FE685221885C64200AEA2CD /* Country.h */,
				3FE685231885C64200AEA2CD /* Country.m */,
				3FC1CB07188800EE00845D9C /* City.h */,
				3FC1CB08188800EE00845D9C /* City.m */,
				3F21106018884E1C00CE428E /* Station.h */,
				3F21106118884E1C00CE428E /* Station.m */,
				3F1DB16D188850F1005C9C17 /* CountryManagedObject.h */,
				3F1DB16E188850F1005C9C17 /* CountryManagedObject.m */,
				3FF5DE97188EDB25004F275D /* CityManagedObject.h */,
				3FF5DE98188EDB25004F275D /* CityManagedObject.m */,
				3FF5DE94188EDA57004F275D /* StationManagedObject.h */,
				3FF5DE95188EDA57004F275D /* StationManagedObject.m */,
				3FDA2BDC1886B064001790F8 /* RequestOperationConfig.h */,
				3FDA2BDD1886B064001790F8 /* RequestOperationConfig.m */,
				3FDA2BE51886CFCF001790F8 /* Models.xcdatamodeld */,
			);
			name = Models;
			sourceTree = "<group>";
		};
		3FE68503188599FB00AEA2CD /* Views */ = {
			isa = PBXGroup;
			children = (
				3FE6850518859A3800AEA2CD /* MainStoryboard.storyboard */,
			);
			name = Views;
			sourceTree = "<group>";
		};
		3FE6850418859A0000AEA2CD /* Controllers */ = {
			isa = PBXGroup;
			children = (
				3FE6850A18859B3800AEA2CD /* CountriesViewController.h */,
				3FE6850B18859B3800AEA2CD /* CountriesViewController.m */,
				3FDA2BF61886F1AE001790F8 /* CitiesViewController.h */,
				3FDA2BF71886F1AE001790F8 /* CitiesViewController.m */,
				3FF5DE9F188EF119004F275D /* StationsViewController.h */,
				3FF5DEA0188EF119004F275D /* StationsViewController.m */,
			);
			name = Controllers;
			sourceTree = "<group>";
		};
		3FE685111885B6A500AEA2CD /* Managers */ = {
			isa = PBXGroup;
			children = (
				3FE685151885B6EE00AEA2CD /* WeatherAppManager.h */,
				3FE685161885B6EE00AEA2CD /* WeatherAppManager.m */,
			);
			name = Managers;
			sourceTree = "<group>";
		};
		3FE685181885B71E00AEA2CD /* Helpers */ = {
			isa = PBXGroup;
			children = (
				3FE685191885B9B600AEA2CD /* NetworkingHelper.h */,
				3FE6851A1885B9B600AEA2CD /* NetworkingHelper.m */,
				3FDA2BD91886AC67001790F8 /* TranslatorHelper.h */,
				3FDA2BDA1886AC67001790F8 /* TranslatorHelper.m */,
				3FDA2BE21886C074001790F8 /* CacheHelper.h */,
				3FDA2BE31886C074001790F8 /* CacheHelper.m */,
				3FDA2BEF1886E301001790F8 /* DatabaseHelper.h */,
				3FDA2BF01886E301001790F8 /* DatabaseHelper.m */,
			);
			name = Helpers;
			sourceTree = "<group>";
		};
		3FE6851C1885BAF800AEA2CD /* Definitions */ = {
			isa = PBXGroup;
			children = (
				3FDA2BE11886B290001790F8 /* Blocks.h */,
				3FDA2BE01886B272001790F8 /* CountriesFetcher.h */,
				3FDA2BF21886E891001790F8 /* CountriesStorage.h */,
				3FDA2BDF1886B272001790F8 /* CitiesFetcher.h */,
				3F380DF718871C3D00BAEC2F /* CitiesStorage.h */,
				3FF5DE9A188EDB71004F275D /* StationsFetcher.h */,
				3FF5DE9B188EDB80004F275D /* StationsStorage.h */,
			);
			name = Definitions;
			sourceTree = "<group>";
		};
		3FF5DE8D188EACA0004F275D /* Extensions */ = {
			isa = PBXGroup;
			children = (
				3FF5DE8E188EACCE004F275D /* CountryManagedObject+Fixes.h */,
				3FF5DE8F188EACCE004F275D /* CountryManagedObject+Fixes.m */,
				3FF5DE9C188EDD05004F275D /* CityManagedObject+Fixes.h */,
				3FF5DE9D188EDD05004F275D /* CityManagedObject+Fixes.m */,
				3FF5DE91188EB074004F275D /* NSManagedObjectContext+BackgroundFetch.h */,
				3FF5DE92188EB074004F275D /* NSManagedObjectContext+BackgroundFetch.m */,
			);
			name = Extensions;
			sourceTree = "<group>";
		};
/* End PBXGroup section */

/* Begin PBXNativeTarget section */
		3FC6F73E18859381009D48CB /* WeatherApp */ = {
			isa = PBXNativeTarget;
			buildConfigurationList = 3FC6F76B18859382009D48CB /* Build configuration list for PBXNativeTarget "WeatherApp" */;
			buildPhases = (
				3944F5699B204A7AB1320DD5 /* Check Pods Manifest.lock */,
				3FC6F73B18859381009D48CB /* Sources */,
				3FC6F73C18859381009D48CB /* Frameworks */,
				3FC6F73D18859381009D48CB /* Resources */,
				396D8A159E0145A28436A5C9 /* Copy Pods Resources */,
			);
			buildRules = (
			);
			dependencies = (
			);
			name = WeatherApp;
			productName = WeatherApp;
			productReference = 3FC6F73F18859381009D48CB /* WeatherApp.app */;
			productType = "com.apple.product-type.application";
		};
		3FC6F75918859382009D48CB /* WeatherAppTests */ = {
			isa = PBXNativeTarget;
			buildConfigurationList = 3FC6F76E18859382009D48CB /* Build configuration list for PBXNativeTarget "WeatherAppTests" */;
			buildPhases = (
				3FC6F75618859382009D48CB /* Sources */,
				3FC6F75718859382009D48CB /* Frameworks */,
				3FC6F75818859382009D48CB /* Resources */,
			);
			buildRules = (
			);
			dependencies = (
				3FC6F76018859382009D48CB /* PBXTargetDependency */,
			);
			name = WeatherAppTests;
			productName = WeatherAppTests;
			productReference = 3FC6F75A18859382009D48CB /* WeatherAppTests.xctest */;
			productType = "com.apple.product-type.bundle.unit-test";
		};
/* End PBXNativeTarget section */

/* Begin PBXProject section */
		3FC6F73718859381009D48CB /* Project object */ = {
			isa = PBXProject;
			attributes = {
				LastUpgradeCheck = 0500;
				ORGANIZATIONNAME = Ruenzuo;
				TargetAttributes = {
					3FC6F75918859382009D48CB = {
						TestTargetID = 3FC6F73E18859381009D48CB;
					};
				};
			};
			buildConfigurationList = 3FC6F73A18859381009D48CB /* Build configuration list for PBXProject "WeatherApp" */;
			compatibilityVersion = "Xcode 3.2";
			developmentRegion = English;
			hasScannedForEncodings = 0;
			knownRegions = (
				en,
			);
			mainGroup = 3FC6F73618859381009D48CB;
			productRefGroup = 3FC6F74018859381009D48CB /* Products */;
			projectDirPath = "";
			projectRoot = "";
			targets = (
				3FC6F73E18859381009D48CB /* WeatherApp */,
				3FC6F75918859382009D48CB /* WeatherAppTests */,
			);
		};
/* End PBXProject section */

/* Begin PBXResourcesBuildPhase section */
		3FC6F73D18859381009D48CB /* Resources */ = {
			isa = PBXResourcesBuildPhase;
			buildActionMask = 2147483647;
			files = (
				3FE6850618859A3800AEA2CD /* MainStoryboard.storyboard in Resources */,
				3FC6F7791885945B009D48CB /* Images.xcassets in Resources */,
				3FC6F77E18859495009D48CB /* InfoPlist.strings in Resources */,
			);
			runOnlyForDeploymentPostprocessing = 0;
		};
		3FC6F75818859382009D48CB /* Resources */ = {
			isa = PBXResourcesBuildPhase;
			buildActionMask = 2147483647;
			files = (
				3FC6F788188594D7009D48CB /* InfoPlist.strings in Resources */,
			);
			runOnlyForDeploymentPostprocessing = 0;
		};
/* End PBXResourcesBuildPhase section */

/* Begin PBXShellScriptBuildPhase section */
		3944F5699B204A7AB1320DD5 /* Check Pods Manifest.lock */ = {
			isa = PBXShellScriptBuildPhase;
			buildActionMask = 2147483647;
			files = (
			);
			inputPaths = (
			);
			name = "Check Pods Manifest.lock";
			outputPaths = (
			);
			runOnlyForDeploymentPostprocessing = 0;
			shellPath = /bin/sh;
			shellScript = "diff \"${PODS_ROOT}/../Podfile.lock\" \"${PODS_ROOT}/Manifest.lock\" > /dev/null\nif [[ $? != 0 ]] ; then\n    cat << EOM\nerror: The sandbox is not in sync with the Podfile.lock. Run 'pod install' or update your CocoaPods installation.\nEOM\n    exit 1\nfi\n";
			showEnvVarsInLog = 0;
		};
		396D8A159E0145A28436A5C9 /* Copy Pods Resources */ = {
			isa = PBXShellScriptBuildPhase;
			buildActionMask = 2147483647;
			files = (
			);
			inputPaths = (
			);
			name = "Copy Pods Resources";
			outputPaths = (
			);
			runOnlyForDeploymentPostprocessing = 0;
			shellPath = /bin/sh;
			shellScript = "\"${SRCROOT}/Pods/Pods-resources.sh\"\n";
			showEnvVarsInLog = 0;
		};
/* End PBXShellScriptBuildPhase section */

/* Begin PBXSourcesBuildPhase section */
		3FC6F73B18859381009D48CB /* Sources */ = {
			isa = PBXSourcesBuildPhase;
			buildActionMask = 2147483647;
			files = (
				3FDA2BE41886C074001790F8 /* CacheHelper.m in Sources */,
				3F1DB16718884F80005C9C17 /* ModelUtils.m in Sources */,
				3FF5DE93188EB074004F275D /* NSManagedObjectContext+BackgroundFetch.m in Sources */,
				3FF5DE90188EACCE004F275D /* CountryManagedObject+Fixes.m in Sources */,
				3F294ED8188984910013C51D /* CitiesOperation.m in Sources */,
				3FF5DE9E188EDD05004F275D /* CityManagedObject+Fixes.m in Sources */,
				3FDA2BE71886CFCF001790F8 /* Models.xcdatamodeld in Sources */,
				3FE685241885C64200AEA2CD /* Country.m in Sources */,
				3FF5DEA4188EF917004F275D /* StationOperation.m in Sources */,
				3FDA2BF11886E301001790F8 /* DatabaseHelper.m in Sources */,
				3FF5DE96188EDA57004F275D /* StationManagedObject.m in Sources */,
				3F21106218884E1C00CE428E /* Station.m in Sources */,
				3FC1CB09188800EE00845D9C /* City.m in Sources */,
				3FC6F77D18859472009D48CB /* AppDelegate.m in Sources */,
				3FE685171885B6EE00AEA2CD /* WeatherAppManager.m in Sources */,
				3FE6850C18859B3800AEA2CD /* CountriesViewController.m in Sources */,
				3FF5DEA1188EF119004F275D /* StationsViewController.m in Sources */,
				3FDA2BF81886F1AE001790F8 /* CitiesViewController.m in Sources */,
				3F1DB170188850F1005C9C17 /* CountryManagedObject.m in Sources */,
				3FDA2BDE1886B064001790F8 /* RequestOperationConfig.m in Sources */,
				3FF5DE99188EDB25004F275D /* CityManagedObject.m in Sources */,
				3FE6851B1885B9B600AEA2CD /* NetworkingHelper.m in Sources */,
				3FC6F77618859441009D48CB /* main.m in Sources */,
				3FDA2BDB1886AC67001790F8 /* TranslatorHelper.m in Sources */,
			);
			runOnlyForDeploymentPostprocessing = 0;
		};
		3FC6F75618859382009D48CB /* Sources */ = {
			isa = PBXSourcesBuildPhase;
			buildActionMask = 2147483647;
			files = (
				3FC6F787188594D1009D48CB /* WeatherAppTests.m in Sources */,
			);
			runOnlyForDeploymentPostprocessing = 0;
		};
/* End PBXSourcesBuildPhase section */

/* Begin PBXTargetDependency section */
		3FC6F76018859382009D48CB /* PBXTargetDependency */ = {
			isa = PBXTargetDependency;
			target = 3FC6F73E18859381009D48CB /* WeatherApp */;
			targetProxy = 3FC6F75F18859382009D48CB /* PBXContainerItemProxy */;
		};
/* End PBXTargetDependency section */

/* Begin PBXVariantGroup section */
		3FC6F78018859495009D48CB /* InfoPlist.strings */ = {
			isa = PBXVariantGroup;
			children = (
				3FC6F77F18859495009D48CB /* en */,
			);
			name = InfoPlist.strings;
			path = Supporting;
			sourceTree = "<group>";
		};
		3FC6F78A188594D7009D48CB /* InfoPlist.strings */ = {
			isa = PBXVariantGroup;
			children = (
				3FC6F789188594D7009D48CB /* en */,
			);
			name = InfoPlist.strings;
			path = Supporting;
			sourceTree = "<group>";
		};
/* End PBXVariantGroup section */

/* Begin XCBuildConfiguration section */
		3FC6F76918859382009D48CB /* Debug */ = {
			isa = XCBuildConfiguration;
			buildSettings = {
				ALWAYS_SEARCH_USER_PATHS = NO;
				ARCHS = "$(ARCHS_STANDARD_INCLUDING_64_BIT)";
				CLANG_CXX_LANGUAGE_STANDARD = "gnu++0x";
				CLANG_CXX_LIBRARY = "libc++";
				CLANG_ENABLE_MODULES = YES;
				CLANG_ENABLE_OBJC_ARC = YES;
				CLANG_WARN_BOOL_CONVERSION = YES;
				CLANG_WARN_CONSTANT_CONVERSION = YES;
				CLANG_WARN_DIRECT_OBJC_ISA_USAGE = YES_ERROR;
				CLANG_WARN_EMPTY_BODY = YES;
				CLANG_WARN_ENUM_CONVERSION = YES;
				CLANG_WARN_INT_CONVERSION = YES;
				CLANG_WARN_OBJC_ROOT_CLASS = YES_ERROR;
				CLANG_WARN__DUPLICATE_METHOD_MATCH = YES;
				"CODE_SIGN_IDENTITY[sdk=iphoneos*]" = "iPhone Developer";
				COPY_PHASE_STRIP = NO;
				GCC_C_LANGUAGE_STANDARD = gnu99;
				GCC_DYNAMIC_NO_PIC = NO;
				GCC_OPTIMIZATION_LEVEL = 0;
				GCC_PREPROCESSOR_DEFINITIONS = (
					"DEBUG=1",
					"$(inherited)",
				);
				GCC_SYMBOLS_PRIVATE_EXTERN = NO;
				GCC_WARN_64_TO_32_BIT_CONVERSION = YES;
				GCC_WARN_ABOUT_RETURN_TYPE = YES_ERROR;
				GCC_WARN_UNDECLARED_SELECTOR = YES;
				GCC_WARN_UNINITIALIZED_AUTOS = YES;
				GCC_WARN_UNUSED_FUNCTION = YES;
				GCC_WARN_UNUSED_VARIABLE = YES;
				IPHONEOS_DEPLOYMENT_TARGET = 7.0;
				ONLY_ACTIVE_ARCH = YES;
				SDKROOT = iphoneos;
			};
			name = Debug;
		};
		3FC6F76A18859382009D48CB /* Release */ = {
			isa = XCBuildConfiguration;
			buildSettings = {
				ALWAYS_SEARCH_USER_PATHS = NO;
				ARCHS = "$(ARCHS_STANDARD_INCLUDING_64_BIT)";
				CLANG_CXX_LANGUAGE_STANDARD = "gnu++0x";
				CLANG_CXX_LIBRARY = "libc++";
				CLANG_ENABLE_MODULES = YES;
				CLANG_ENABLE_OBJC_ARC = YES;
				CLANG_WARN_BOOL_CONVERSION = YES;
				CLANG_WARN_CONSTANT_CONVERSION = YES;
				CLANG_WARN_DIRECT_OBJC_ISA_USAGE = YES_ERROR;
				CLANG_WARN_EMPTY_BODY = YES;
				CLANG_WARN_ENUM_CONVERSION = YES;
				CLANG_WARN_INT_CONVERSION = YES;
				CLANG_WARN_OBJC_ROOT_CLASS = YES_ERROR;
				CLANG_WARN__DUPLICATE_METHOD_MATCH = YES;
				"CODE_SIGN_IDENTITY[sdk=iphoneos*]" = "iPhone Developer";
				COPY_PHASE_STRIP = YES;
				ENABLE_NS_ASSERTIONS = NO;
				GCC_C_LANGUAGE_STANDARD = gnu99;
				GCC_WARN_64_TO_32_BIT_CONVERSION = YES;
				GCC_WARN_ABOUT_RETURN_TYPE = YES_ERROR;
				GCC_WARN_UNDECLARED_SELECTOR = YES;
				GCC_WARN_UNINITIALIZED_AUTOS = YES;
				GCC_WARN_UNUSED_FUNCTION = YES;
				GCC_WARN_UNUSED_VARIABLE = YES;
				IPHONEOS_DEPLOYMENT_TARGET = 7.0;
				SDKROOT = iphoneos;
				VALIDATE_PRODUCT = YES;
			};
			name = Release;
		};
		3FC6F76C18859382009D48CB /* Debug */ = {
			isa = XCBuildConfiguration;
			baseConfigurationReference = 9024A222918D441B929F651E /* Pods.xcconfig */;
			buildSettings = {
				ASSETCATALOG_COMPILER_APPICON_NAME = AppIcon;
				ASSETCATALOG_COMPILER_LAUNCHIMAGE_NAME = LaunchImage;
				GCC_PRECOMPILE_PREFIX_HEADER = YES;
				GCC_PREFIX_HEADER = "WeatherApp/Supporting/WeatherApp-Prefix.pch";
				INFOPLIST_FILE = "$(SRCROOT)/WeatherApp/Supporting/WeatherApp-Info.plist";
				PRODUCT_NAME = "$(TARGET_NAME)";
				WRAPPER_EXTENSION = app;
			};
			name = Debug;
		};
		3FC6F76D18859382009D48CB /* Release */ = {
			isa = XCBuildConfiguration;
			baseConfigurationReference = 9024A222918D441B929F651E /* Pods.xcconfig */;
			buildSettings = {
				ASSETCATALOG_COMPILER_APPICON_NAME = AppIcon;
				ASSETCATALOG_COMPILER_LAUNCHIMAGE_NAME = LaunchImage;
				GCC_PRECOMPILE_PREFIX_HEADER = YES;
				GCC_PREFIX_HEADER = "WeatherApp/Supporting/WeatherApp-Prefix.pch";
				INFOPLIST_FILE = "$(SRCROOT)/WeatherApp/Supporting/WeatherApp-Info.plist";
				PRODUCT_NAME = "$(TARGET_NAME)";
				WRAPPER_EXTENSION = app;
			};
			name = Release;
		};
		3FC6F76F18859382009D48CB /* Debug */ = {
			isa = XCBuildConfiguration;
			buildSettings = {
				ARCHS = "$(ARCHS_STANDARD_INCLUDING_64_BIT)";
				BUNDLE_LOADER = "$(BUILT_PRODUCTS_DIR)/WeatherApp.app/WeatherApp";
				FRAMEWORK_SEARCH_PATHS = (
					"$(SDKROOT)/Developer/Library/Frameworks",
					"$(inherited)",
					"$(DEVELOPER_FRAMEWORKS_DIR)",
				);
				GCC_PRECOMPILE_PREFIX_HEADER = YES;
				GCC_PREFIX_HEADER = "WeatherApp/Supporting/WeatherApp-Prefix.pch";
				GCC_PREPROCESSOR_DEFINITIONS = (
					"DEBUG=1",
					"$(inherited)",
				);
				INFOPLIST_FILE = "WeatherAppTests/Supporting/WeatherAppTests-Info.plist";
				PRODUCT_NAME = "$(TARGET_NAME)";
				TEST_HOST = "$(BUNDLE_LOADER)";
				WRAPPER_EXTENSION = xctest;
			};
			name = Debug;
		};
		3FC6F77018859382009D48CB /* Release */ = {
			isa = XCBuildConfiguration;
			buildSettings = {
				ARCHS = "$(ARCHS_STANDARD_INCLUDING_64_BIT)";
				BUNDLE_LOADER = "$(BUILT_PRODUCTS_DIR)/WeatherApp.app/WeatherApp";
				FRAMEWORK_SEARCH_PATHS = (
					"$(SDKROOT)/Developer/Library/Frameworks",
					"$(inherited)",
					"$(DEVELOPER_FRAMEWORKS_DIR)",
				);
				GCC_PRECOMPILE_PREFIX_HEADER = YES;
				GCC_PREFIX_HEADER = "WeatherApp/Supporting/WeatherApp-Prefix.pch";
				INFOPLIST_FILE = "WeatherAppTests/Supporting/WeatherAppTests-Info.plist";
				PRODUCT_NAME = "$(TARGET_NAME)";
				TEST_HOST = "$(BUNDLE_LOADER)";
				WRAPPER_EXTENSION = xctest;
			};
			name = Release;
		};
/* End XCBuildConfiguration section */

/* Begin XCConfigurationList section */
		3FC6F73A18859381009D48CB /* Build configuration list for PBXProject "WeatherApp" */ = {
			isa = XCConfigurationList;
			buildConfigurations = (
				3FC6F76918859382009D48CB /* Debug */,
				3FC6F76A18859382009D48CB /* Release */,
			);
			defaultConfigurationIsVisible = 0;
			defaultConfigurationName = Release;
		};
		3FC6F76B18859382009D48CB /* Build configuration list for PBXNativeTarget "WeatherApp" */ = {
			isa = XCConfigurationList;
			buildConfigurations = (
				3FC6F76C18859382009D48CB /* Debug */,
				3FC6F76D18859382009D48CB /* Release */,
			);
			defaultConfigurationIsVisible = 0;
			defaultConfigurationName = Release;
		};
		3FC6F76E18859382009D48CB /* Build configuration list for PBXNativeTarget "WeatherAppTests" */ = {
			isa = XCConfigurationList;
			buildConfigurations = (
				3FC6F76F18859382009D48CB /* Debug */,
				3FC6F77018859382009D48CB /* Release */,
			);
			defaultConfigurationIsVisible = 0;
			defaultConfigurationName = Release;
		};
/* End XCConfigurationList section */

/* Begin XCVersionGroup section */
		3FDA2BE51886CFCF001790F8 /* Models.xcdatamodeld */ = {
			isa = XCVersionGroup;
			children = (
				3FDA2BE61886CFCF001790F8 /* Models.xcdatamodel */,
			);
			currentVersion = 3FDA2BE61886CFCF001790F8 /* Models.xcdatamodel */;
			name = Models.xcdatamodeld;
			path = Models/Models.xcdatamodeld;
			sourceTree = "<group>";
			versionGroupType = wrapper.xcdatamodel;
		};
/* End XCVersionGroup section */
	};
	rootObject = 3FC6F73718859381009D48CB /* Project object */;
}
